
Microsoft Visual Studio Solution File, Format Version 12.00
# Visual Studio Version 16
VisualStudioVersion = 16.0.30320.27
MinimumVisualStudioVersion = 10.0.40219.1
Project("{FAE04EC0-301F-11D3-BF4B-00C04F79EFBC}") = "Bear and Big Brother", "Bear and Big Brother\Bear and Big Brother.csproj", "{B5383D93-BCCB-43F3-892A-AA645C997C9E}"
EndProject
Global
	GlobalSection(SolutionConfigurationPlatforms) = preSolution
		Debug|Any CPU = Debug|Any CPU
		Release|Any CPU = Release|Any CPU
	EndGlobalSection
	GlobalSection(ProjectConfigurationPlatforms) = postSolution
		{B5383D93-BCCB-43F3-892A-AA645C997C9E}.Debug|Any CPU.ActiveCfg = Debug|Any CPU
		{B5383D93-BCCB-43F3-892A-AA645C997C9E}.Debug|Any CPU.Build.0 = Debug|Any CPU
		{B5383D93-BCCB-43F3-892A-AA645C997C9E}.Release|Any CPU.ActiveCfg = Release|Any CPU
		{B5383D93-BCCB-43F3-892A-AA645C997C9E}.Release|Any CPU.Build.0 = Release|Any CPU
	EndGlobalSection
	GlobalSection(SolutionProperties) = preSolution
		HideSolutionNode = FALSE
	EndGlobalSection
	GlobalSection(ExtensibilityGlobals) = postSolution
		SolutionGuid = {133AB26E-D324-4285-A717-1BA002602C99}
	EndGlobalSection
EndGlobal
